// !$*UTF8*$!
{
	archiveVersion = 1;
	classes = {
	};
	objectVersion = 46;
	objects = {

/* Begin PBXBuildFile section */
		18307A8D1F2F073A003EE1BB /* AppDelegate.swift in Sources */ = {isa = PBXBuildFile; fileRef = 18307A8C1F2F073A003EE1BB /* AppDelegate.swift */; };
		18307A921F2F073A003EE1BB /* Main.storyboard in Resources */ = {isa = PBXBuildFile; fileRef = 18307A901F2F073A003EE1BB /* Main.storyboard */; };
		18307A941F2F073A003EE1BB /* Assets.xcassets in Resources */ = {isa = PBXBuildFile; fileRef = 18307A931F2F073A003EE1BB /* Assets.xcassets */; };
		18307A971F2F073A003EE1BB /* LaunchScreen.storyboard in Resources */ = {isa = PBXBuildFile; fileRef = 18307A951F2F073A003EE1BB /* LaunchScreen.storyboard */; };
		18307AA01F2F07E5003EE1BB /* MainController.swift in Sources */ = {isa = PBXBuildFile; fileRef = 18307A9F1F2F07E5003EE1BB /* MainController.swift */; };
		18307AB71F2F09EB003EE1BB /* NEWS_VC.swift in Sources */ = {isa = PBXBuildFile; fileRef = 18307AB61F2F09EB003EE1BB /* NEWS_VC.swift */; };
		18307AB91F2F0A01003EE1BB /* COMIC_VC.swift in Sources */ = {isa = PBXBuildFile; fileRef = 18307AB81F2F0A01003EE1BB /* COMIC_VC.swift */; };
		18307ABB1F2F0A15003EE1BB /* HEALTH_VC.swift in Sources */ = {isa = PBXBuildFile; fileRef = 18307ABA1F2F0A15003EE1BB /* HEALTH_VC.swift */; };
		18307ABD1F2F0A28003EE1BB /* MUSIC_VC.swift in Sources */ = {isa = PBXBuildFile; fileRef = 18307ABC1F2F0A28003EE1BB /* MUSIC_VC.swift */; };
		18307ABF1F2F13C0003EE1BB /* News_Cell.swift in Sources */ = {isa = PBXBuildFile; fileRef = 18307ABE1F2F13C0003EE1BB /* News_Cell.swift */; };
		18307AC11F2F1AC4003EE1BB /* NavigationController.swift in Sources */ = {isa = PBXBuildFile; fileRef = 18307AC01F2F1AC4003EE1BB /* NavigationController.swift */; };
		18307AC31F2F21AD003EE1BB /* RootViewController.swift in Sources */ = {isa = PBXBuildFile; fileRef = 18307AC21F2F21AD003EE1BB /* RootViewController.swift */; };
		18EEA99C1F300AF700755AA4 /* NetRequest.swift in Sources */ = {isa = PBXBuildFile; fileRef = 18EEA99A1F300AF700755AA4 /* NetRequest.swift */; };
		18EEA99D1F300AF700755AA4 /* UIView+Ext.swift in Sources */ = {isa = PBXBuildFile; fileRef = 18EEA99B1F300AF700755AA4 /* UIView+Ext.swift */; };
		18EEA9A41F300B6D00755AA4 /* ProgrameCell.swift in Sources */ = {isa = PBXBuildFile; fileRef = 18EEA9A31F300B6D00755AA4 /* ProgrameCell.swift */; };
		18EEA9A61F300B9300755AA4 /* ProgrameModel.swift in Sources */ = {isa = PBXBuildFile; fileRef = 18EEA9A51F300B9300755AA4 /* ProgrameModel.swift */; };
		18EEA9AC1F300F2B00755AA4 /* LiveModel.swift in Sources */ = {isa = PBXBuildFile; fileRef = 18EEA9AB1F300F2B00755AA4 /* LiveModel.swift */; };
		18EEA9AE1F300F8F00755AA4 /* LiveCell.swift in Sources */ = {isa = PBXBuildFile; fileRef = 18EEA9AD1F300F8F00755AA4 /* LiveCell.swift */; };
		18EEA9B31F30186B00755AA4 /* RecommendModel.swift in Sources */ = {isa = PBXBuildFile; fileRef = 18EEA9B21F30186B00755AA4 /* RecommendModel.swift */; };
		18EEA9B51F30188F00755AA4 /* HeadChannelModel.swift in Sources */ = {isa = PBXBuildFile; fileRef = 18EEA9B41F30188F00755AA4 /* HeadChannelModel.swift */; };
		18EEA9B71F3018B400755AA4 /* DetailChannelModel.swift in Sources */ = {isa = PBXBuildFile; fileRef = 18EEA9B61F3018B400755AA4 /* DetailChannelModel.swift */; };
		18EEA9BC1F30192A00755AA4 /* DetailCollectionCell.swift in Sources */ = {isa = PBXBuildFile; fileRef = 18EEA9B81F30192A00755AA4 /* DetailCollectionCell.swift */; };
		18EEA9BD1F30192A00755AA4 /* HeadScrollCell.swift in Sources */ = {isa = PBXBuildFile; fileRef = 18EEA9B91F30192A00755AA4 /* HeadScrollCell.swift */; };
		18EEA9BE1F30192A00755AA4 /* HeadView.swift in Sources */ = {isa = PBXBuildFile; fileRef = 18EEA9BA1F30192A00755AA4 /* HeadView.swift */; };
		18EEA9BF1F30192A00755AA4 /* ShowCell.swift in Sources */ = {isa = PBXBuildFile; fileRef = 18EEA9BB1F30192A00755AA4 /* ShowCell.swift */; };
		44A29099AFE1BE2A913806B6 /* Pods_HappyLife_Swift.framework in Frameworks */ = {isa = PBXBuildFile; fileRef = 9D6424EA8C9003C8420A15A6 /* Pods_HappyLife_Swift.framework */; };
/* End PBXBuildFile section */

/* Begin PBXFileReference section */
		18307A891F2F073A003EE1BB /* HappyLife_Swift.app */ = {isa = PBXFileReference; explicitFileType = wrapper.application; includeInIndex = 0; path = HappyLife_Swift.app; sourceTree = BUILT_PRODUCTS_DIR; };
		18307A8C1F2F073A003EE1BB /* AppDelegate.swift */ = {isa = PBXFileReference; lastKnownFileType = sourcecode.swift; name = AppDelegate.swift; path = ../AppDelegate.swift; sourceTree = "<group>"; };
		18307A911F2F073A003EE1BB /* Base */ = {isa = PBXFileReference; lastKnownFileType = file.storyboard; name = Base; path = Base.lproj/Main.storyboard; sourceTree = "<group>"; };
		18307A931F2F073A003EE1BB /* Assets.xcassets */ = {isa = PBXFileReference; lastKnownFileType = folder.assetcatalog; path = Assets.xcassets; sourceTree = "<group>"; };
		18307A961F2F073A003EE1BB /* Base */ = {isa = PBXFileReference; lastKnownFileType = file.storyboard; name = Base; path = Base.lproj/LaunchScreen.storyboard; sourceTree = "<group>"; };
		18307A981F2F073A003EE1BB /* Info.plist */ = {isa = PBXFileReference; lastKnownFileType = text.plist.xml; path = Info.plist; sourceTree = "<group>"; };
		18307A9F1F2F07E5003EE1BB /* MainController.swift */ = {isa = PBXFileReference; fileEncoding = 4; lastKnownFileType = sourcecode.swift; path = MainController.swift; sourceTree = "<group>"; };
		18307AB61F2F09EB003EE1BB /* NEWS_VC.swift */ = {isa = PBXFileReference; fileEncoding = 4; lastKnownFileType = sourcecode.swift; path = NEWS_VC.swift; sourceTree = "<group>"; };
		18307AB81F2F0A01003EE1BB /* COMIC_VC.swift */ = {isa = PBXFileReference; fileEncoding = 4; lastKnownFileType = sourcecode.swift; path = COMIC_VC.swift; sourceTree = "<group>"; };
		18307ABA1F2F0A15003EE1BB /* HEALTH_VC.swift */ = {isa = PBXFileReference; fileEncoding = 4; lastKnownFileType = sourcecode.swift; path = HEALTH_VC.swift; sourceTree = "<group>"; };
		18307ABC1F2F0A28003EE1BB /* MUSIC_VC.swift */ = {isa = PBXFileReference; fileEncoding = 4; lastKnownFileType = sourcecode.swift; path = MUSIC_VC.swift; sourceTree = "<group>"; };
		18307ABE1F2F13C0003EE1BB /* News_Cell.swift */ = {isa = PBXFileReference; fileEncoding = 4; lastKnownFileType = sourcecode.swift; path = News_Cell.swift; sourceTree = "<group>"; };
		18307AC01F2F1AC4003EE1BB /* NavigationController.swift */ = {isa = PBXFileReference; fileEncoding = 4; lastKnownFileType = sourcecode.swift; path = NavigationController.swift; sourceTree = "<group>"; };
		18307AC21F2F21AD003EE1BB /* RootViewController.swift */ = {isa = PBXFileReference; fileEncoding = 4; lastKnownFileType = sourcecode.swift; path = RootViewController.swift; sourceTree = "<group>"; };
		18EEA99A1F300AF700755AA4 /* NetRequest.swift */ = {isa = PBXFileReference; fileEncoding = 4; lastKnownFileType = sourcecode.swift; path = NetRequest.swift; sourceTree = "<group>"; };
		18EEA99B1F300AF700755AA4 /* UIView+Ext.swift */ = {isa = PBXFileReference; fileEncoding = 4; lastKnownFileType = sourcecode.swift; path = "UIView+Ext.swift"; sourceTree = "<group>"; };
		18EEA99E1F300B1100755AA4 /* HappyLife-Header.h */ = {isa = PBXFileReference; lastKnownFileType = sourcecode.c.h; path = "HappyLife-Header.h"; sourceTree = "<group>"; };
		18EEA9A31F300B6D00755AA4 /* ProgrameCell.swift */ = {isa = PBXFileReference; fileEncoding = 4; lastKnownFileType = sourcecode.swift; name = ProgrameCell.swift; path = HappyLife_Swift/Mian/ProgrameCell.swift; sourceTree = SOURCE_ROOT; };
		18EEA9A51F300B9300755AA4 /* ProgrameModel.swift */ = {isa = PBXFileReference; fileEncoding = 4; lastKnownFileType = sourcecode.swift; name = ProgrameModel.swift; path = HappyLife_Swift/Mian/ProgrameModel.swift; sourceTree = SOURCE_ROOT; };
		18EEA9AB1F300F2B00755AA4 /* LiveModel.swift */ = {isa = PBXFileReference; fileEncoding = 4; lastKnownFileType = sourcecode.swift; path = LiveModel.swift; sourceTree = "<group>"; };
		18EEA9AD1F300F8F00755AA4 /* LiveCell.swift */ = {isa = PBXFileReference; fileEncoding = 4; lastKnownFileType = sourcecode.swift; path = LiveCell.swift; sourceTree = "<group>"; };
		18EEA9B21F30186B00755AA4 /* RecommendModel.swift */ = {isa = PBXFileReference; fileEncoding = 4; lastKnownFileType = sourcecode.swift; path = RecommendModel.swift; sourceTree = "<group>"; };
		18EEA9B41F30188F00755AA4 /* HeadChannelModel.swift */ = {isa = PBXFileReference; fileEncoding = 4; lastKnownFileType = sourcecode.swift; path = HeadChannelModel.swift; sourceTree = "<group>"; };
		18EEA9B61F3018B400755AA4 /* DetailChannelModel.swift */ = {isa = PBXFileReference; fileEncoding = 4; lastKnownFileType = sourcecode.swift; path = DetailChannelModel.swift; sourceTree = "<group>"; };
		18EEA9B81F30192A00755AA4 /* DetailCollectionCell.swift */ = {isa = PBXFileReference; fileEncoding = 4; lastKnownFileType = sourcecode.swift; path = DetailCollectionCell.swift; sourceTree = "<group>"; };
		18EEA9B91F30192A00755AA4 /* HeadScrollCell.swift */ = {isa = PBXFileReference; fileEncoding = 4; lastKnownFileType = sourcecode.swift; path = HeadScrollCell.swift; sourceTree = "<group>"; };
		18EEA9BA1F30192A00755AA4 /* HeadView.swift */ = {isa = PBXFileReference; fileEncoding = 4; lastKnownFileType = sourcecode.swift; path = HeadView.swift; sourceTree = "<group>"; };
		18EEA9BB1F30192A00755AA4 /* ShowCell.swift */ = {isa = PBXFileReference; fileEncoding = 4; lastKnownFileType = sourcecode.swift; path = ShowCell.swift; sourceTree = "<group>"; };
		9D6424EA8C9003C8420A15A6 /* Pods_HappyLife_Swift.framework */ = {isa = PBXFileReference; explicitFileType = wrapper.framework; includeInIndex = 0; path = Pods_HappyLife_Swift.framework; sourceTree = BUILT_PRODUCTS_DIR; };
		9EC2843080B5B89609C700A0 /* Pods-HappyLife_Swift.debug.xcconfig */ = {isa = PBXFileReference; includeInIndex = 1; lastKnownFileType = text.xcconfig; name = "Pods-HappyLife_Swift.debug.xcconfig"; path = "Pods/Target Support Files/Pods-HappyLife_Swift/Pods-HappyLife_Swift.debug.xcconfig"; sourceTree = "<group>"; };
		A491EB330B7888E356236A0C /* Pods-HappyLife_Swift.release.xcconfig */ = {isa = PBXFileReference; includeInIndex = 1; lastKnownFileType = text.xcconfig; name = "Pods-HappyLife_Swift.release.xcconfig"; path = "Pods/Target Support Files/Pods-HappyLife_Swift/Pods-HappyLife_Swift.release.xcconfig"; sourceTree = "<group>"; };
/* End PBXFileReference section */

/* Begin PBXFrameworksBuildPhase section */
		18307A861F2F073A003EE1BB /* Frameworks */ = {
			isa = PBXFrameworksBuildPhase;
			buildActionMask = 2147483647;
			files = (
				44A29099AFE1BE2A913806B6 /* Pods_HappyLife_Swift.framework in Frameworks */,
			);
			runOnlyForDeploymentPostprocessing = 0;
		};
/* End PBXFrameworksBuildPhase section */

/* Begin PBXGroup section */
		18307A801F2F073A003EE1BB = {
			isa = PBXGroup;
			children = (
				18307A8B1F2F073A003EE1BB /* HappyLife_Swift */,
				18307A8A1F2F073A003EE1BB /* Products */,
				496929023A419EAF6B0FA7FA /* Pods */,
				2D1FFE01D1E0C84BD1564691 /* Frameworks */,
			);
			sourceTree = "<group>";
		};
		18307A8A1F2F073A003EE1BB /* Products */ = {
			isa = PBXGroup;
			children = (
				18307A891F2F073A003EE1BB /* HappyLife_Swift.app */,
			);
			name = Products;
			sourceTree = "<group>";
		};
		18307A8B1F2F073A003EE1BB /* HappyLife_Swift */ = {
			isa = PBXGroup;
			children = (
				18307A9E1F2F07AD003EE1BB /* Mian */,
				18307AA11F2F0909003EE1BB /* Classes */,
				18307A931F2F073A003EE1BB /* Assets.xcassets */,
				18307A951F2F073A003EE1BB /* LaunchScreen.storyboard */,
				18307A981F2F073A003EE1BB /* Info.plist */,
			);
			path = HappyLife_Swift;
			sourceTree = "<group>";
		};
		18307A9E1F2F07AD003EE1BB /* Mian */ = {
			isa = PBXGroup;
			children = (
				18EEA99A1F300AF700755AA4 /* NetRequest.swift */,
				18EEA99B1F300AF700755AA4 /* UIView+Ext.swift */,
				18307A8C1F2F073A003EE1BB /* AppDelegate.swift */,
				18307AC01F2F1AC4003EE1BB /* NavigationController.swift */,
				18307A9F1F2F07E5003EE1BB /* MainController.swift */,
				18307AC21F2F21AD003EE1BB /* RootViewController.swift */,
				18EEA99E1F300B1100755AA4 /* HappyLife-Header.h */,
				18307A901F2F073A003EE1BB /* Main.storyboard */,
			);
			path = Mian;
			sourceTree = "<group>";
		};
		18307AA11F2F0909003EE1BB /* Classes */ = {
			isa = PBXGroup;
			children = (
				18307AA51F2F0909003EE1BB /* NEWS */,
				18307AA21F2F0909003EE1BB /* COMIC */,
				18307AA31F2F0909003EE1BB /* HEALTH */,
				18307AA41F2F0909003EE1BB /* MUSIC */,
			);
			path = Classes;
			sourceTree = "<group>";
		};
		18307AA21F2F0909003EE1BB /* COMIC */ = {
			isa = PBXGroup;
			children = (
				18307AAA1F2F0981003EE1BB /* Controller */,
				18307AAD1F2F0981003EE1BB /* View */,
				18307AAB1F2F0981003EE1BB /* Model */,
				18307AAC1F2F0981003EE1BB /* Other */,
			);
			path = COMIC;
			sourceTree = "<group>";
		};
		18307AA31F2F0909003EE1BB /* HEALTH */ = {
			isa = PBXGroup;
			children = (
				18307AAE1F2F0990003EE1BB /* Controller */,
				18EEA9AA1F300F1E00755AA4 /* View */,
				18EEA9A91F300F1000755AA4 /* Model */,
			);
			path = HEALTH;
			sourceTree = "<group>";
		};
		18307AA41F2F0909003EE1BB /* MUSIC */ = {
			isa = PBXGroup;
			children = (
				18307AB21F2F099F003EE1BB /* Controller */,
				18307AB51F2F099F003EE1BB /* View */,
				18307AB31F2F099F003EE1BB /* Model */,
				18307AB41F2F099F003EE1BB /* Other */,
			);
			path = MUSIC;
			sourceTree = "<group>";
		};
		18307AA51F2F0909003EE1BB /* NEWS */ = {
			isa = PBXGroup;
			children = (
				18307AA91F2F0970003EE1BB /* Controller */,
				18EEA9B11F30185F00755AA4 /* Model */,
				18307AA81F2F0970003EE1BB /* View */,
				18307AA61F2F0970003EE1BB /* Other */,
			);
			path = NEWS;
			sourceTree = "<group>";
		};
		18307AA61F2F0970003EE1BB /* Other */ = {
			isa = PBXGroup;
			children = (
			);
			path = Other;
			sourceTree = "<group>";
		};
		18307AA81F2F0970003EE1BB /* View */ = {
			isa = PBXGroup;
			children = (
				18307ABE1F2F13C0003EE1BB /* News_Cell.swift */,
				18EEA9B81F30192A00755AA4 /* DetailCollectionCell.swift */,
				18EEA9B91F30192A00755AA4 /* HeadScrollCell.swift */,
				18EEA9BA1F30192A00755AA4 /* HeadView.swift */,
				18EEA9BB1F30192A00755AA4 /* ShowCell.swift */,
			);
			path = View;
			sourceTree = "<group>";
		};
		18307AA91F2F0970003EE1BB /* Controller */ = {
			isa = PBXGroup;
			children = (
				18307AB61F2F09EB003EE1BB /* NEWS_VC.swift */,
			);
			path = Controller;
			sourceTree = "<group>";
		};
		18307AAA1F2F0981003EE1BB /* Controller */ = {
			isa = PBXGroup;
			children = (
				18307AB81F2F0A01003EE1BB /* COMIC_VC.swift */,
			);
			path = Controller;
			sourceTree = "<group>";
		};
		18307AAB1F2F0981003EE1BB /* Model */ = {
			isa = PBXGroup;
			children = (
				18EEA9A51F300B9300755AA4 /* ProgrameModel.swift */,
			);
			path = Model;
			sourceTree = "<group>";
		};
		18307AAC1F2F0981003EE1BB /* Other */ = {
			isa = PBXGroup;
			children = (
			);
			path = Other;
			sourceTree = "<group>";
		};
		18307AAD1F2F0981003EE1BB /* View */ = {
			isa = PBXGroup;
			children = (
				18EEA9A31F300B6D00755AA4 /* ProgrameCell.swift */,
			);
			path = View;
			sourceTree = "<group>";
		};
		18307AAE1F2F0990003EE1BB /* Controller */ = {
			isa = PBXGroup;
			children = (
				18307ABA1F2F0A15003EE1BB /* HEALTH_VC.swift */,
			);
			path = Controller;
			sourceTree = "<group>";
		};
		18307AB21F2F099F003EE1BB /* Controller */ = {
			isa = PBXGroup;
			children = (
				18307ABC1F2F0A28003EE1BB /* MUSIC_VC.swift */,
			);
			path = Controller;
			sourceTree = "<group>";
		};
		18307AB31F2F099F003EE1BB /* Model */ = {
			isa = PBXGroup;
			children = (
			);
			path = Model;
			sourceTree = "<group>";
		};
		18307AB41F2F099F003EE1BB /* Other */ = {
			isa = PBXGroup;
			children = (
			);
			path = Other;
			sourceTree = "<group>";
		};
		18307AB51F2F099F003EE1BB /* View */ = {
			isa = PBXGroup;
			children = (
			);
			path = View;
			sourceTree = "<group>";
		};
		18EEA9A91F300F1000755AA4 /* Model */ = {
			isa = PBXGroup;
			children = (
				18EEA9AB1F300F2B00755AA4 /* LiveModel.swift */,
			);
			path = Model;
			sourceTree = "<group>";
		};
		18EEA9AA1F300F1E00755AA4 /* View */ = {
			isa = PBXGroup;
			children = (
				18EEA9AD1F300F8F00755AA4 /* LiveCell.swift */,
			);
			path = View;
			sourceTree = "<group>";
		};
		18EEA9B11F30185F00755AA4 /* Model */ = {
			isa = PBXGroup;
			children = (
				18EEA9B21F30186B00755AA4 /* RecommendModel.swift */,
				18EEA9B41F30188F00755AA4 /* HeadChannelModel.swift */,
				18EEA9B61F3018B400755AA4 /* DetailChannelModel.swift */,
			);
			path = Model;
			sourceTree = "<group>";
		};
		2D1FFE01D1E0C84BD1564691 /* Frameworks */ = {
			isa = PBXGroup;
			children = (
				9D6424EA8C9003C8420A15A6 /* Pods_HappyLife_Swift.framework */,
			);
			name = Frameworks;
			sourceTree = "<group>";
		};
		496929023A419EAF6B0FA7FA /* Pods */ = {
			isa = PBXGroup;
			children = (
				9EC2843080B5B89609C700A0 /* Pods-HappyLife_Swift.debug.xcconfig */,
				A491EB330B7888E356236A0C /* Pods-HappyLife_Swift.release.xcconfig */,
			);
			name = Pods;
			sourceTree = "<group>";
		};
/* End PBXGroup section */

/* Begin PBXNativeTarget section */
		18307A881F2F073A003EE1BB /* HappyLife_Swift */ = {
			isa = PBXNativeTarget;
			buildConfigurationList = 18307A9B1F2F073A003EE1BB /* Build configuration list for PBXNativeTarget "HappyLife_Swift" */;
			buildPhases = (
				BCE95F352EA77A39368367FA /* [CP] Check Pods Manifest.lock */,
				18307A851F2F073A003EE1BB /* Sources */,
				18307A861F2F073A003EE1BB /* Frameworks */,
				18307A871F2F073A003EE1BB /* Resources */,
				77FA11776AB7D919D4367388 /* [CP] Embed Pods Frameworks */,
				FA77FCC39082C0F096A251EF /* [CP] Copy Pods Resources */,
			);
			buildRules = (
			);
			dependencies = (
			);
			name = HappyLife_Swift;
			productName = HappyLife_Swift;
			productReference = 18307A891F2F073A003EE1BB /* HappyLife_Swift.app */;
			productType = "com.apple.product-type.application";
		};
/* End PBXNativeTarget section */

/* Begin PBXProject section */
		18307A811F2F073A003EE1BB /* Project object */ = {
			isa = PBXProject;
			attributes = {
				LastSwiftUpdateCheck = 0820;
				LastUpgradeCheck = 0820;
				ORGANIZATIONNAME = "仝兴伟";
				TargetAttributes = {
					18307A881F2F073A003EE1BB = {
						CreatedOnToolsVersion = 8.2;
						ProvisioningStyle = Manual;
					};
				};
			};
			buildConfigurationList = 18307A841F2F073A003EE1BB /* Build configuration list for PBXProject "HappyLife_Swift" */;
			compatibilityVersion = "Xcode 3.2";
			developmentRegion = English;
			hasScannedForEncodings = 0;
			knownRegions = (
				en,
				Base,
			);
			mainGroup = 18307A801F2F073A003EE1BB;
			productRefGroup = 18307A8A1F2F073A003EE1BB /* Products */;
			projectDirPath = "";
			projectRoot = "";
			targets = (
				18307A881F2F073A003EE1BB /* HappyLife_Swift */,
			);
		};
/* End PBXProject section */

/* Begin PBXResourcesBuildPhase section */
		18307A871F2F073A003EE1BB /* Resources */ = {
			isa = PBXResourcesBuildPhase;
			buildActionMask = 2147483647;
			files = (
				18307A971F2F073A003EE1BB /* LaunchScreen.storyboard in Resources */,
				18307A941F2F073A003EE1BB /* Assets.xcassets in Resources */,
				18307A921F2F073A003EE1BB /* Main.storyboard in Resources */,
			);
			runOnlyForDeploymentPostprocessing = 0;
		};
/* End PBXResourcesBuildPhase section */

/* Begin PBXShellScriptBuildPhase section */
		77FA11776AB7D919D4367388 /* [CP] Embed Pods Frameworks */ = {
			isa = PBXShellScriptBuildPhase;
			buildActionMask = 2147483647;
			files = (
			);
			inputPaths = (
			);
			name = "[CP] Embed Pods Frameworks";
			outputPaths = (
			);
			runOnlyForDeploymentPostprocessing = 0;
			shellPath = /bin/sh;
			shellScript = "\"${SRCROOT}/Pods/Target Support Files/Pods-HappyLife_Swift/Pods-HappyLife_Swift-frameworks.sh\"\n";
			showEnvVarsInLog = 0;
		};
		BCE95F352EA77A39368367FA /* [CP] Check Pods Manifest.lock */ = {
			isa = PBXShellScriptBuildPhase;
			buildActionMask = 2147483647;
			files = (
			);
			inputPaths = (
			);
			name = "[CP] Check Pods Manifest.lock";
			outputPaths = (
			);
			runOnlyForDeploymentPostprocessing = 0;
			shellPath = /bin/sh;
			shellScript = "diff \"${PODS_ROOT}/../Podfile.lock\" \"${PODS_ROOT}/Manifest.lock\" > /dev/null\nif [ $? != 0 ] ; then\n    # print error to STDERR\n    echo \"error: The sandbox is not in sync with the Podfile.lock. Run 'pod install' or update your CocoaPods installation.\" >&2\n    exit 1\nfi\n";
			showEnvVarsInLog = 0;
		};
		FA77FCC39082C0F096A251EF /* [CP] Copy Pods Resources */ = {
			isa = PBXShellScriptBuildPhase;
			buildActionMask = 2147483647;
			files = (
			);
			inputPaths = (
			);
			name = "[CP] Copy Pods Resources";
			outputPaths = (
			);
			runOnlyForDeploymentPostprocessing = 0;
			shellPath = /bin/sh;
			shellScript = "\"${SRCROOT}/Pods/Target Support Files/Pods-HappyLife_Swift/Pods-HappyLife_Swift-resources.sh\"\n";
			showEnvVarsInLog = 0;
		};
/* End PBXShellScriptBuildPhase section */

/* Begin PBXSourcesBuildPhase section */
		18307A851F2F073A003EE1BB /* Sources */ = {
			isa = PBXSourcesBuildPhase;
			buildActionMask = 2147483647;
			files = (
				18307ABD1F2F0A28003EE1BB /* MUSIC_VC.swift in Sources */,
				18EEA99D1F300AF700755AA4 /* UIView+Ext.swift in Sources */,
				18EEA9A41F300B6D00755AA4 /* ProgrameCell.swift in Sources */,
				18307AC11F2F1AC4003EE1BB /* NavigationController.swift in Sources */,
				18EEA9BD1F30192A00755AA4 /* HeadScrollCell.swift in Sources */,
				18EEA9B51F30188F00755AA4 /* HeadChannelModel.swift in Sources */,
				18307AC31F2F21AD003EE1BB /* RootViewController.swift in Sources */,
				18EEA9A61F300B9300755AA4 /* ProgrameModel.swift in Sources */,
				18307AB71F2F09EB003EE1BB /* NEWS_VC.swift in Sources */,
				18EEA9AE1F300F8F00755AA4 /* LiveCell.swift in Sources */,
				18EEA9BC1F30192A00755AA4 /* DetailCollectionCell.swift in Sources */,
				18307AA01F2F07E5003EE1BB /* MainController.swift in Sources */,
				18307AB91F2F0A01003EE1BB /* COMIC_VC.swift in Sources */,
				18EEA9B31F30186B00755AA4 /* RecommendModel.swift in Sources */,
				18EEA9B71F3018B400755AA4 /* DetailChannelModel.swift in Sources */,
				18EEA9AC1F300F2B00755AA4 /* LiveModel.swift in Sources */,
				18EEA9BE1F30192A00755AA4 /* HeadView.swift in Sources */,
				18307ABF1F2F13C0003EE1BB /* News_Cell.swift in Sources */,
				18307ABB1F2F0A15003EE1BB /* HEALTH_VC.swift in Sources */,
				18307A8D1F2F073A003EE1BB /* AppDelegate.swift in Sources */,
				18EEA9BF1F30192A00755AA4 /* ShowCell.swift in Sources */,
				18EEA99C1F300AF700755AA4 /* NetRequest.swift in Sources */,
			);
			runOnlyForDeploymentPostprocessing = 0;
		};
/* End PBXSourcesBuildPhase section */

/* Begin PBXVariantGroup section */
		18307A901F2F073A003EE1BB /* Main.storyboard */ = {
			isa = PBXVariantGroup;
			children = (
				18307A911F2F073A003EE1BB /* Base */,
			);
			name = Main.storyboard;
			path = ..;
			sourceTree = "<group>";
		};
		18307A951F2F073A003EE1BB /* LaunchScreen.storyboard */ = {
			isa = PBXVariantGroup;
			children = (
				18307A961F2F073A003EE1BB /* Base */,
			);
			name = LaunchScreen.storyboard;
			sourceTree = "<group>";
		};
/* End PBXVariantGroup section */

/* Begin XCBuildConfiguration section */
		18307A991F2F073A003EE1BB /* Debug */ = {
			isa = XCBuildConfiguration;
			buildSettings = {
				ALWAYS_SEARCH_USER_PATHS = NO;
				CLANG_ANALYZER_NONNULL = YES;
				CLANG_CXX_LANGUAGE_STANDARD = "gnu++0x";
				CLANG_CXX_LIBRARY = "libc++";
				CLANG_ENABLE_MODULES = YES;
				CLANG_ENABLE_OBJC_ARC = YES;
				CLANG_WARN_BOOL_CONVERSION = YES;
				CLANG_WARN_CONSTANT_CONVERSION = YES;
				CLANG_WARN_DIRECT_OBJC_ISA_USAGE = YES_ERROR;
				CLANG_WARN_DOCUMENTATION_COMMENTS = YES;
				CLANG_WARN_EMPTY_BODY = YES;
				CLANG_WARN_ENUM_CONVERSION = YES;
				CLANG_WARN_INFINITE_RECURSION = YES;
				CLANG_WARN_INT_CONVERSION = YES;
				CLANG_WARN_OBJC_ROOT_CLASS = YES_ERROR;
				CLANG_WARN_SUSPICIOUS_MOVE = YES;
				CLANG_WARN_UNREACHABLE_CODE = YES;
				CLANG_WARN__DUPLICATE_METHOD_MATCH = YES;
				"CODE_SIGN_IDENTITY[sdk=iphoneos*]" = "iPhone Developer";
				COPY_PHASE_STRIP = NO;
				DEBUG_INFORMATION_FORMAT = dwarf;
				ENABLE_STRICT_OBJC_MSGSEND = YES;
				ENABLE_TESTABILITY = YES;
				GCC_C_LANGUAGE_STANDARD = gnu99;
				GCC_DYNAMIC_NO_PIC = NO;
				GCC_NO_COMMON_BLOCKS = YES;
				GCC_OPTIMIZATION_LEVEL = 0;
				GCC_PREPROCESSOR_DEFINITIONS = (
					"DEBUG=1",
					"$(inherited)",
				);
				GCC_WARN_64_TO_32_BIT_CONVERSION = YES;
				GCC_WARN_ABOUT_RETURN_TYPE = YES_ERROR;
				GCC_WARN_UNDECLARED_SELECTOR = YES;
				GCC_WARN_UNINITIALIZED_AUTOS = YES_AGGRESSIVE;
				GCC_WARN_UNUSED_FUNCTION = YES;
				GCC_WARN_UNUSED_VARIABLE = YES;
				IPHONEOS_DEPLOYMENT_TARGET = 10.2;
				MTL_ENABLE_DEBUG_INFO = YES;
				ONLY_ACTIVE_ARCH = YES;
				SDKROOT = iphoneos;
				SWIFT_ACTIVE_COMPILATION_CONDITIONS = DEBUG;
				SWIFT_OPTIMIZATION_LEVEL = "-Onone";
			};
			name = Debug;
		};
		18307A9A1F2F073A003EE1BB /* Release */ = {
			isa = XCBuildConfiguration;
			buildSettings = {
				ALWAYS_SEARCH_USER_PATHS = NO;
				CLANG_ANALYZER_NONNULL = YES;
				CLANG_CXX_LANGUAGE_STANDARD = "gnu++0x";
				CLANG_CXX_LIBRARY = "libc++";
				CLANG_ENABLE_MODULES = YES;
				CLANG_ENABLE_OBJC_ARC = YES;
				CLANG_WARN_BOOL_CONVERSION = YES;
				CLANG_WARN_CONSTANT_CONVERSION = YES;
				CLANG_WARN_DIRECT_OBJC_ISA_USAGE = YES_ERROR;
				CLANG_WARN_DOCUMENTATION_COMMENTS = YES;
				CLANG_WARN_EMPTY_BODY = YES;
				CLANG_WARN_ENUM_CONVERSION = YES;
				CLANG_WARN_INFINITE_RECURSION = YES;
				CLANG_WARN_INT_CONVERSION = YES;
				CLANG_WARN_OBJC_ROOT_CLASS = YES_ERROR;
				CLANG_WARN_SUSPICIOUS_MOVE = YES;
				CLANG_WARN_UNREACHABLE_CODE = YES;
				CLANG_WARN__DUPLICATE_METHOD_MATCH = YES;
				"CODE_SIGN_IDENTITY[sdk=iphoneos*]" = "iPhone Developer";
				COPY_PHASE_STRIP = NO;
				DEBUG_INFORMATION_FORMAT = "dwarf-with-dsym";
				ENABLE_NS_ASSERTIONS = NO;
				ENABLE_STRICT_OBJC_MSGSEND = YES;
				GCC_C_LANGUAGE_STANDARD = gnu99;
				GCC_NO_COMMON_BLOCKS = YES;
				GCC_WARN_64_TO_32_BIT_CONVERSION = YES;
				GCC_WARN_ABOUT_RETURN_TYPE = YES_ERROR;
				GCC_WARN_UNDECLARED_SELECTOR = YES;
				GCC_WARN_UNINITIALIZED_AUTOS = YES_AGGRESSIVE;
				GCC_WARN_UNUSED_FUNCTION = YES;
				GCC_WARN_UNUSED_VARIABLE = YES;
				IPHONEOS_DEPLOYMENT_TARGET = 10.2;
				MTL_ENABLE_DEBUG_INFO = NO;
				SDKROOT = iphoneos;
				SWIFT_OPTIMIZATION_LEVEL = "-Owholemodule";
				VALIDATE_PRODUCT = YES;
			};
			name = Release;
		};
		18307A9C1F2F073A003EE1BB /* Debug */ = {
			isa = XCBuildConfiguration;
			baseConfigurationReference = 9EC2843080B5B89609C700A0 /* Pods-HappyLife_Swift.debug.xcconfig */;
			buildSettings = {
				ASSETCATALOG_COMPILER_APPICON_NAME = AppIcon;
				DEVELOPMENT_TEAM = "";
				INFOPLIST_FILE = HappyLife_Swift/Info.plist;
				LD_RUNPATH_SEARCH_PATHS = "$(inherited) @executable_path/Frameworks";
				PRODUCT_BUNDLE_IDENTIFIER = cloudscreen.HappyLife;
				PRODUCT_NAME = "$(TARGET_NAME)";
				SWIFT_OBJC_BRIDGING_HEADER = "/Users/apple/Desktop/swift_CollectionView/HappyLife_Swift/HappyLife_Swift/Mian/HappyLife-Header.h";
				SWIFT_VERSION = 3.0;
			};
			name = Debug;
		};
		18307A9D1F2F073A003EE1BB /* Release */ = {
			isa = XCBuildConfiguration;
			baseConfigurationReference = A491EB330B7888E356236A0C /* Pods-HappyLife_Swift.release.xcconfig */;
			buildSettings = {
				ASSETCATALOG_COMPILER_APPICON_NAME = AppIcon;
				DEVELOPMENT_TEAM = "";
				INFOPLIST_FILE = HappyLife_Swift/Info.plist;
				LD_RUNPATH_SEARCH_PATHS = "$(inherited) @executable_path/Frameworks";
				PRODUCT_BUNDLE_IDENTIFIER = cloudscreen.HappyLife;
				PRODUCT_NAME = "$(TARGET_NAME)";
				SWIFT_OBJC_BRIDGING_HEADER = "/Users/apple/Desktop/swift_CollectionView/HappyLife_Swift/HappyLife_Swift/Mian/HappyLife-Header.h";
				SWIFT_VERSION = 3.0;
			};
			name = Release;
		};
/* End XCBuildConfiguration section */

/* Begin XCConfigurationList section */
		18307A841F2F073A003EE1BB /* Build configuration list for PBXProject "HappyLife_Swift" */ = {
			isa = XCConfigurationList;
			buildConfigurations = (
				18307A991F2F073A003EE1BB /* Debug */,
				18307A9A1F2F073A003EE1BB /* Release */,
			);
			defaultConfigurationIsVisible = 0;
			defaultConfigurationName = Release;
		};
		18307A9B1F2F073A003EE1BB /* Build configuration list for PBXNativeTarget "HappyLife_Swift" */ = {
			isa = XCConfigurationList;
			buildConfigurations = (
				18307A9C1F2F073A003EE1BB /* Debug */,
				18307A9D1F2F073A003EE1BB /* Release */,
			);
			defaultConfigurationIsVisible = 0;
			defaultConfigurationName = Release;
		};
/* End XCConfigurationList section */
	};
	rootObject = 18307A811F2F073A003EE1BB /* Project object */;
}
